
Microsoft Visual Studio Solution File, Format Version 12.00
# Visual Studio Version 17
VisualStudioVersion = 17.14.36518.9
MinimumVisualStudioVersion = 10.0.40219.1
Project("{9A19103F-16F7-4668-BE54-9A1E7A4F7556}") = "ViewModel", "ViewModel\ViewModel.csproj", "{9B2741D2-443A-4136-B9A4-1191686DA4AD}"
EndProject
Project("{9A19103F-16F7-4668-BE54-9A1E7A4F7556}") = "ExtendedSystemObjects", "ExtendedSystemObjects\ExtendedSystemObjects.csproj", "{9400BC0A-5BEC-4805-8172-DF5D116BF92A}"
EndProject
Project("{9A19103F-16F7-4668-BE54-9A1E7A4F7556}") = "CommonControls", "CommonControls\CommonControls.csproj", "{04EE7D3F-6AD4-4D79-BEEA-6064D17B0BE9}"
EndProject
Project("{9A19103F-16F7-4668-BE54-9A1E7A4F7556}") = "FileHandler", "FileHandler\FileHandler.csproj", "{D46F48A4-B8F0-4C4C-BF9E-CCBBA9294A55}"
EndProject
Project("{9A19103F-16F7-4668-BE54-9A1E7A4F7556}") = "Serializer", "Serializer\Serializer.csproj", "{4E625F32-3BCF-4D70-9D5D-6C1E783C4350}"
EndProject
Project("{9A19103F-16F7-4668-BE54-9A1E7A4F7556}") = "CommonLibraryTests", "CommonLibraryTests\CommonLibraryTests.csproj", "{D2D1B7B6-0C94-45F8-BD4E-1FB9A318AC21}"
EndProject
Project("{9A19103F-16F7-4668-BE54-9A1E7A4F7556}") = "CommonLibraryGuiTests", "CommonLibraryGuiTests\CommonLibraryGuiTests.csproj", "{A890CA68-39D7-449C-869D-193BB56B6409}"
EndProject
Project("{9A19103F-16F7-4668-BE54-9A1E7A4F7556}") = "CommonLibrarySqlLiteTests", "CommonLibrarySqlLiteTests\CommonLibrarySqlLiteTests.csproj", "{B5D5FFD4-0B21-4C0B-9B77-2E6DE5D3FFAF}"
EndProject
Project("{9A19103F-16F7-4668-BE54-9A1E7A4F7556}") = "SQLiteGui", "SqlLiteGui\SQLiteGui.csproj", "{332C37B4-980C-4938-A690-F78F8548F2F1}"
EndProject
Project("{2150E333-8FDC-42A3-9474-1A3956D46DE8}") = "Solution Items", "Solution Items", "{07E0C4C9-2744-4F65-95A2-F822506F2B91}"
	ProjectSection(SolutionItems) = preProject
		.editorconfig = .editorconfig
		License.txt = License.txt
		README.md = README.md
		Todo.txt = Todo.txt
	EndProjectSection
EndProject
Project("{9A19103F-16F7-4668-BE54-9A1E7A4F7556}") = "ImageCompare", "ImageCompare\ImageCompare.csproj", "{90E479AC-F5A0-4B29-B3A5-D29EC8765E98}"
EndProject
Project("{9A19103F-16F7-4668-BE54-9A1E7A4F7556}") = "Plugin", "Plugin\Plugin.csproj", "{74E75A16-F42B-4874-BFC9-0313BA0CCD38}"
EndProject
Project("{9A19103F-16F7-4668-BE54-9A1E7A4F7556}") = "Debugger", "Debugger\Debugger.csproj", "{2B3D839E-CF1D-4F77-BDFB-5380F7A01572}"
EndProject
Project("{9A19103F-16F7-4668-BE54-9A1E7A4F7556}") = "InterOp", "InterOp\InterOp.csproj", "{1C207CA4-64C6-4A60-B753-FAEBFF0488EC}"
EndProject
Project("{9A19103F-16F7-4668-BE54-9A1E7A4F7556}") = "DataFormatter", "DataFormatter\DataFormatter.csproj", "{D758C94B-D359-45F5-A517-4A65E2D2572F}"
EndProject
Project("{9A19103F-16F7-4668-BE54-9A1E7A4F7556}") = "Communication", "Communication\Communication.csproj", "{7F4C5533-0E24-4381-A3F1-CC3BD4AADFB3}"
EndProject
Project("{9A19103F-16F7-4668-BE54-9A1E7A4F7556}") = "LightVector", "LightVector\LightVector.csproj", "{8DD286ED-2358-47E1-BD4D-B4DCB550681E}"
EndProject
Project("{9A19103F-16F7-4668-BE54-9A1E7A4F7556}") = "Mathematics", "Mathematics\Mathematics.csproj", "{03B1DB00-54D5-4095-BE71-B26CFA923420}"
EndProject
Project("{9A19103F-16F7-4668-BE54-9A1E7A4F7556}") = "Imaging", "Imaging\Imaging.csproj", "{810F6A32-3C86-4DB8-B3C3-F9CF438A1D47}"
EndProject
Project("{9A19103F-16F7-4668-BE54-9A1E7A4F7556}") = "Solaris", "Solaris\Solaris.csproj", "{F20F039F-3D2F-4612-82FD-A63EB91F3791}"
EndProject
Project("{9A19103F-16F7-4668-BE54-9A1E7A4F7556}") = "RenderEngine", "RenderEngine\RenderEngine.csproj", "{BB731A3C-EF90-4BEE-8BE4-5C301D536E5A}"
EndProject
Project("{9A19103F-16F7-4668-BE54-9A1E7A4F7556}") = "CommonDialogs", "CommonDialogs\CommonDialogs.csproj", "{7B953859-4789-4A9D-83F6-DF196709D718}"
EndProject
Project("{9A19103F-16F7-4668-BE54-9A1E7A4F7556}") = "CommonFilter", "CommonFilter\CommonFilter.csproj", "{5521362D-1037-4E87-A1FD-6A3C008D654C}"
EndProject
Project("{9A19103F-16F7-4668-BE54-9A1E7A4F7556}") = "PluginLoader", "PluginLoader\PluginLoader.csproj", "{501245AD-6550-4AAB-9D88-218CD5E90350}"
EndProject
Project("{9A19103F-16F7-4668-BE54-9A1E7A4F7556}") = "SqliteHelper", "SqliteHelper\SqliteHelper.csproj", "{AFB92519-38C1-4AE2-A985-572577C2B478}"
EndProject
Project("{9A19103F-16F7-4668-BE54-9A1E7A4F7556}") = "Pathfinder", "Pathfinder\Pathfinder.csproj", "{11FC1146-0A4B-4BE4-B397-B8ABA252BCC4}"
EndProject
Project("{9A19103F-16F7-4668-BE54-9A1E7A4F7556}") = "CoreInject", "CoreInject\CoreInject.csproj", "{1CDFBB9C-63F7-4F33-A0F3-03969F825BB2}"
EndProject
Project("{9A19103F-16F7-4668-BE54-9A1E7A4F7556}") = "CoreWorker", "CoreWorker\CoreWorker.csproj", "{A59040DA-D599-492F-B461-30E5E4F8FAAB}"
EndProject
Project("{9A19103F-16F7-4668-BE54-9A1E7A4F7556}") = "CoreMemoryLog", "CoreMemoryLog\CoreMemoryLog.csproj", "{E00B7A21-BE6D-414E-AB8F-C0E7B7A1068A}"
EndProject
Project("{9A19103F-16F7-4668-BE54-9A1E7A4F7556}") = "CoreBuilder", "CoreBuilder\CoreBuilder.csproj", "{772F148A-FF3C-4D78-AC8B-CB6761CEBFB5}"
EndProject
Project("{9A19103F-16F7-4668-BE54-9A1E7A4F7556}") = "CoreBuilderTests", "CoreBuilderTests\CoreBuilderTests.csproj", "{0A9EB351-1490-46AB-8601-D362DF6E04E6}"
EndProject
Project("{9A19103F-16F7-4668-BE54-9A1E7A4F7556}") = "RenderEngineTests", "RenderEngineTests\RenderEngineTests.csproj", "{8CE955D6-DEE7-519A-ACEA-1D3BA519932A}"
EndProject
Project("{9A19103F-16F7-4668-BE54-9A1E7A4F7556}") = "CommonExtendedObjectsTests", "CommonExtendedObjectsTests\CommonExtendedObjectsTests.csproj", "{477CFEA4-070A-499C-9465-699D98AEC3B7}"
EndProject
Project("{2150E333-8FDC-42A3-9474-1A3956D46DE8}") = "Projektmappenelemente", "Projektmappenelemente", "{84D27F74-D2BA-6C25-2661-968F101900D9}"
	ProjectSection(SolutionItems) = preProject
		.gitattributes = .gitattributes
		.gitignore = .gitignore
		.github\workflows\dotnet.yml = .github\workflows\dotnet.yml
		License.txt = License.txt
		README.md = README.md
		Todo.txt = Todo.txt
	EndProjectSection
EndProject
Project("{FAE04EC0-301F-11D3-BF4B-00C04F79EFBC}") = "CoreViewer", "CoreViewer\CoreViewer.csproj", "{B17F7012-EB24-4A3A-9A97-9779E5116D66}"
EndProject
Project("{FAE04EC0-301F-11D3-BF4B-00C04F79EFBC}") = "Weaver", "Weaver\Weaver.csproj", "{C4F5A3E0-C7BB-3413-55AF-A7EA948747F0}"
EndProject
Project("{FAE04EC0-301F-11D3-BF4B-00C04F79EFBC}") = "Lector", "Lector\Lector.csproj", "{11DD9D7C-260C-1315-1FD7-3DB508FBA352}"
EndProject
Project("{FAE04EC0-301F-11D3-BF4B-00C04F79EFBC}") = "CommunicationTests", "CommunicationTests\CommunicationTests.csproj", "{FB76055D-EC25-41E2-9377-474BA132E75D}"
EndProject
Project("{FAE04EC0-301F-11D3-BF4B-00C04F79EFBC}") = "CommonControls.Images", "CommonControls.Images\CommonControls.Images.csproj", "{74CE25AC-D9ED-44FB-8111-0D10D094D4CA}"
EndProject
Global
	GlobalSection(SolutionConfigurationPlatforms) = preSolution
		Debug|Any CPU = Debug|Any CPU
		Release|Any CPU = Release|Any CPU
	EndGlobalSection
	GlobalSection(ProjectConfigurationPlatforms) = postSolution
		{9B2741D2-443A-4136-B9A4-1191686DA4AD}.Debug|Any CPU.ActiveCfg = Debug|Any CPU
		{9B2741D2-443A-4136-B9A4-1191686DA4AD}.Debug|Any CPU.Build.0 = Debug|Any CPU
		{9B2741D2-443A-4136-B9A4-1191686DA4AD}.Release|Any CPU.ActiveCfg = Release|Any CPU
		{9B2741D2-443A-4136-B9A4-1191686DA4AD}.Release|Any CPU.Build.0 = Release|Any CPU
		{9400BC0A-5BEC-4805-8172-DF5D116BF92A}.Debug|Any CPU.ActiveCfg = Debug|Any CPU
		{9400BC0A-5BEC-4805-8172-DF5D116BF92A}.Debug|Any CPU.Build.0 = Debug|Any CPU
		{9400BC0A-5BEC-4805-8172-DF5D116BF92A}.Release|Any CPU.ActiveCfg = Release|Any CPU
		{9400BC0A-5BEC-4805-8172-DF5D116BF92A}.Release|Any CPU.Build.0 = Release|Any CPU
		{04EE7D3F-6AD4-4D79-BEEA-6064D17B0BE9}.Debug|Any CPU.ActiveCfg = Debug|Any CPU
		{04EE7D3F-6AD4-4D79-BEEA-6064D17B0BE9}.Debug|Any CPU.Build.0 = Debug|Any CPU
		{04EE7D3F-6AD4-4D79-BEEA-6064D17B0BE9}.Release|Any CPU.ActiveCfg = Release|Any CPU
		{04EE7D3F-6AD4-4D79-BEEA-6064D17B0BE9}.Release|Any CPU.Build.0 = Release|Any CPU
		{D46F48A4-B8F0-4C4C-BF9E-CCBBA9294A55}.Debug|Any CPU.ActiveCfg = Debug|Any CPU
		{D46F48A4-B8F0-4C4C-BF9E-CCBBA9294A55}.Debug|Any CPU.Build.0 = Debug|Any CPU
		{D46F48A4-B8F0-4C4C-BF9E-CCBBA9294A55}.Release|Any CPU.ActiveCfg = Release|Any CPU
		{D46F48A4-B8F0-4C4C-BF9E-CCBBA9294A55}.Release|Any CPU.Build.0 = Release|Any CPU
		{4E625F32-3BCF-4D70-9D5D-6C1E783C4350}.Debug|Any CPU.ActiveCfg = Debug|Any CPU
		{4E625F32-3BCF-4D70-9D5D-6C1E783C4350}.Debug|Any CPU.Build.0 = Debug|Any CPU
		{4E625F32-3BCF-4D70-9D5D-6C1E783C4350}.Release|Any CPU.ActiveCfg = Release|Any CPU
		{4E625F32-3BCF-4D70-9D5D-6C1E783C4350}.Release|Any CPU.Build.0 = Release|Any CPU
		{D2D1B7B6-0C94-45F8-BD4E-1FB9A318AC21}.Debug|Any CPU.ActiveCfg = Debug|Any CPU
		{D2D1B7B6-0C94-45F8-BD4E-1FB9A318AC21}.Debug|Any CPU.Build.0 = Debug|Any CPU
		{D2D1B7B6-0C94-45F8-BD4E-1FB9A318AC21}.Release|Any CPU.ActiveCfg = Release|Any CPU
		{D2D1B7B6-0C94-45F8-BD4E-1FB9A318AC21}.Release|Any CPU.Build.0 = Release|Any CPU
		{A890CA68-39D7-449C-869D-193BB56B6409}.Debug|Any CPU.ActiveCfg = Debug|Any CPU
		{A890CA68-39D7-449C-869D-193BB56B6409}.Debug|Any CPU.Build.0 = Debug|Any CPU
		{A890CA68-39D7-449C-869D-193BB56B6409}.Release|Any CPU.ActiveCfg = Release|Any CPU
		{A890CA68-39D7-449C-869D-193BB56B6409}.Release|Any CPU.Build.0 = Release|Any CPU
		{B5D5FFD4-0B21-4C0B-9B77-2E6DE5D3FFAF}.Debug|Any CPU.ActiveCfg = Debug|Any CPU
		{B5D5FFD4-0B21-4C0B-9B77-2E6DE5D3FFAF}.Debug|Any CPU.Build.0 = Debug|Any CPU
		{B5D5FFD4-0B21-4C0B-9B77-2E6DE5D3FFAF}.Release|Any CPU.ActiveCfg = Release|Any CPU
		{B5D5FFD4-0B21-4C0B-9B77-2E6DE5D3FFAF}.Release|Any CPU.Build.0 = Release|Any CPU
		{332C37B4-980C-4938-A690-F78F8548F2F1}.Debug|Any CPU.ActiveCfg = Debug|Any CPU
		{332C37B4-980C-4938-A690-F78F8548F2F1}.Debug|Any CPU.Build.0 = Debug|Any CPU
		{332C37B4-980C-4938-A690-F78F8548F2F1}.Release|Any CPU.ActiveCfg = Release|Any CPU
		{332C37B4-980C-4938-A690-F78F8548F2F1}.Release|Any CPU.Build.0 = Release|Any CPU
		{90E479AC-F5A0-4B29-B3A5-D29EC8765E98}.Debug|Any CPU.ActiveCfg = Debug|Any CPU
		{90E479AC-F5A0-4B29-B3A5-D29EC8765E98}.Debug|Any CPU.Build.0 = Debug|Any CPU
		{90E479AC-F5A0-4B29-B3A5-D29EC8765E98}.Release|Any CPU.ActiveCfg = Release|Any CPU
		{90E479AC-F5A0-4B29-B3A5-D29EC8765E98}.Release|Any CPU.Build.0 = Release|Any CPU
		{74E75A16-F42B-4874-BFC9-0313BA0CCD38}.Debug|Any CPU.ActiveCfg = Debug|Any CPU
		{74E75A16-F42B-4874-BFC9-0313BA0CCD38}.Debug|Any CPU.Build.0 = Debug|Any CPU
		{74E75A16-F42B-4874-BFC9-0313BA0CCD38}.Release|Any CPU.ActiveCfg = Release|Any CPU
		{74E75A16-F42B-4874-BFC9-0313BA0CCD38}.Release|Any CPU.Build.0 = Release|Any CPU
		{2B3D839E-CF1D-4F77-BDFB-5380F7A01572}.Debug|Any CPU.ActiveCfg = Debug|Any CPU
		{2B3D839E-CF1D-4F77-BDFB-5380F7A01572}.Debug|Any CPU.Build.0 = Debug|Any CPU
		{2B3D839E-CF1D-4F77-BDFB-5380F7A01572}.Release|Any CPU.ActiveCfg = Release|Any CPU
		{2B3D839E-CF1D-4F77-BDFB-5380F7A01572}.Release|Any CPU.Build.0 = Release|Any CPU
		{1C207CA4-64C6-4A60-B753-FAEBFF0488EC}.Debug|Any CPU.ActiveCfg = Debug|Any CPU
		{1C207CA4-64C6-4A60-B753-FAEBFF0488EC}.Debug|Any CPU.Build.0 = Debug|Any CPU
		{1C207CA4-64C6-4A60-B753-FAEBFF0488EC}.Release|Any CPU.ActiveCfg = Release|Any CPU
		{1C207CA4-64C6-4A60-B753-FAEBFF0488EC}.Release|Any CPU.Build.0 = Release|Any CPU
		{D758C94B-D359-45F5-A517-4A65E2D2572F}.Debug|Any CPU.ActiveCfg = Debug|Any CPU
		{D758C94B-D359-45F5-A517-4A65E2D2572F}.Debug|Any CPU.Build.0 = Debug|Any CPU
		{D758C94B-D359-45F5-A517-4A65E2D2572F}.Release|Any CPU.ActiveCfg = Release|Any CPU
		{D758C94B-D359-45F5-A517-4A65E2D2572F}.Release|Any CPU.Build.0 = Release|Any CPU
		{7F4C5533-0E24-4381-A3F1-CC3BD4AADFB3}.Debug|Any CPU.ActiveCfg = Debug|Any CPU
		{7F4C5533-0E24-4381-A3F1-CC3BD4AADFB3}.Debug|Any CPU.Build.0 = Debug|Any CPU
		{7F4C5533-0E24-4381-A3F1-CC3BD4AADFB3}.Release|Any CPU.ActiveCfg = Release|Any CPU
		{7F4C5533-0E24-4381-A3F1-CC3BD4AADFB3}.Release|Any CPU.Build.0 = Release|Any CPU
		{8DD286ED-2358-47E1-BD4D-B4DCB550681E}.Debug|Any CPU.ActiveCfg = Debug|Any CPU
		{8DD286ED-2358-47E1-BD4D-B4DCB550681E}.Debug|Any CPU.Build.0 = Debug|Any CPU
		{8DD286ED-2358-47E1-BD4D-B4DCB550681E}.Release|Any CPU.ActiveCfg = Release|Any CPU
		{8DD286ED-2358-47E1-BD4D-B4DCB550681E}.Release|Any CPU.Build.0 = Release|Any CPU
		{03B1DB00-54D5-4095-BE71-B26CFA923420}.Debug|Any CPU.ActiveCfg = Debug|Any CPU
		{03B1DB00-54D5-4095-BE71-B26CFA923420}.Debug|Any CPU.Build.0 = Debug|Any CPU
		{03B1DB00-54D5-4095-BE71-B26CFA923420}.Release|Any CPU.ActiveCfg = Release|Any CPU
		{03B1DB00-54D5-4095-BE71-B26CFA923420}.Release|Any CPU.Build.0 = Release|Any CPU
		{810F6A32-3C86-4DB8-B3C3-F9CF438A1D47}.Debug|Any CPU.ActiveCfg = Debug|Any CPU
		{810F6A32-3C86-4DB8-B3C3-F9CF438A1D47}.Debug|Any CPU.Build.0 = Debug|Any CPU
		{810F6A32-3C86-4DB8-B3C3-F9CF438A1D47}.Release|Any CPU.ActiveCfg = Release|Any CPU
		{810F6A32-3C86-4DB8-B3C3-F9CF438A1D47}.Release|Any CPU.Build.0 = Release|Any CPU
		{F20F039F-3D2F-4612-82FD-A63EB91F3791}.Debug|Any CPU.ActiveCfg = Debug|Any CPU
		{F20F039F-3D2F-4612-82FD-A63EB91F3791}.Debug|Any CPU.Build.0 = Debug|Any CPU
		{F20F039F-3D2F-4612-82FD-A63EB91F3791}.Release|Any CPU.ActiveCfg = Release|Any CPU
		{F20F039F-3D2F-4612-82FD-A63EB91F3791}.Release|Any CPU.Build.0 = Release|Any CPU
		{BB731A3C-EF90-4BEE-8BE4-5C301D536E5A}.Debug|Any CPU.ActiveCfg = Debug|Any CPU
		{BB731A3C-EF90-4BEE-8BE4-5C301D536E5A}.Debug|Any CPU.Build.0 = Debug|Any CPU
		{BB731A3C-EF90-4BEE-8BE4-5C301D536E5A}.Release|Any CPU.ActiveCfg = Release|Any CPU
		{BB731A3C-EF90-4BEE-8BE4-5C301D536E5A}.Release|Any CPU.Build.0 = Release|Any CPU
		{7B953859-4789-4A9D-83F6-DF196709D718}.Debug|Any CPU.ActiveCfg = Debug|Any CPU
		{7B953859-4789-4A9D-83F6-DF196709D718}.Debug|Any CPU.Build.0 = Debug|Any CPU
		{7B953859-4789-4A9D-83F6-DF196709D718}.Release|Any CPU.ActiveCfg = Release|Any CPU
		{7B953859-4789-4A9D-83F6-DF196709D718}.Release|Any CPU.Build.0 = Release|Any CPU
		{5521362D-1037-4E87-A1FD-6A3C008D654C}.Debug|Any CPU.ActiveCfg = Debug|Any CPU
		{5521362D-1037-4E87-A1FD-6A3C008D654C}.Debug|Any CPU.Build.0 = Debug|Any CPU
		{5521362D-1037-4E87-A1FD-6A3C008D654C}.Release|Any CPU.ActiveCfg = Release|Any CPU
		{5521362D-1037-4E87-A1FD-6A3C008D654C}.Release|Any CPU.Build.0 = Release|Any CPU
		{501245AD-6550-4AAB-9D88-218CD5E90350}.Debug|Any CPU.ActiveCfg = Debug|Any CPU
		{501245AD-6550-4AAB-9D88-218CD5E90350}.Debug|Any CPU.Build.0 = Debug|Any CPU
		{501245AD-6550-4AAB-9D88-218CD5E90350}.Release|Any CPU.ActiveCfg = Release|Any CPU
		{501245AD-6550-4AAB-9D88-218CD5E90350}.Release|Any CPU.Build.0 = Release|Any CPU
		{AFB92519-38C1-4AE2-A985-572577C2B478}.Debug|Any CPU.ActiveCfg = Debug|Any CPU
		{AFB92519-38C1-4AE2-A985-572577C2B478}.Debug|Any CPU.Build.0 = Debug|Any CPU
		{AFB92519-38C1-4AE2-A985-572577C2B478}.Release|Any CPU.ActiveCfg = Release|Any CPU
		{AFB92519-38C1-4AE2-A985-572577C2B478}.Release|Any CPU.Build.0 = Release|Any CPU
		{11FC1146-0A4B-4BE4-B397-B8ABA252BCC4}.Debug|Any CPU.ActiveCfg = Debug|Any CPU
		{11FC1146-0A4B-4BE4-B397-B8ABA252BCC4}.Debug|Any CPU.Build.0 = Debug|Any CPU
		{11FC1146-0A4B-4BE4-B397-B8ABA252BCC4}.Release|Any CPU.ActiveCfg = Release|Any CPU
		{11FC1146-0A4B-4BE4-B397-B8ABA252BCC4}.Release|Any CPU.Build.0 = Release|Any CPU
		{1CDFBB9C-63F7-4F33-A0F3-03969F825BB2}.Debug|Any CPU.ActiveCfg = Debug|Any CPU
		{1CDFBB9C-63F7-4F33-A0F3-03969F825BB2}.Debug|Any CPU.Build.0 = Debug|Any CPU
		{1CDFBB9C-63F7-4F33-A0F3-03969F825BB2}.Release|Any CPU.ActiveCfg = Release|Any CPU
		{1CDFBB9C-63F7-4F33-A0F3-03969F825BB2}.Release|Any CPU.Build.0 = Release|Any CPU
		{A59040DA-D599-492F-B461-30E5E4F8FAAB}.Debug|Any CPU.ActiveCfg = Debug|Any CPU
		{A59040DA-D599-492F-B461-30E5E4F8FAAB}.Debug|Any CPU.Build.0 = Debug|Any CPU
		{A59040DA-D599-492F-B461-30E5E4F8FAAB}.Release|Any CPU.ActiveCfg = Release|Any CPU
		{A59040DA-D599-492F-B461-30E5E4F8FAAB}.Release|Any CPU.Build.0 = Release|Any CPU
		{E00B7A21-BE6D-414E-AB8F-C0E7B7A1068A}.Debug|Any CPU.ActiveCfg = Debug|Any CPU
		{E00B7A21-BE6D-414E-AB8F-C0E7B7A1068A}.Debug|Any CPU.Build.0 = Debug|Any CPU
		{E00B7A21-BE6D-414E-AB8F-C0E7B7A1068A}.Release|Any CPU.ActiveCfg = Release|Any CPU
		{E00B7A21-BE6D-414E-AB8F-C0E7B7A1068A}.Release|Any CPU.Build.0 = Release|Any CPU
		{772F148A-FF3C-4D78-AC8B-CB6761CEBFB5}.Debug|Any CPU.ActiveCfg = Debug|Any CPU
		{772F148A-FF3C-4D78-AC8B-CB6761CEBFB5}.Debug|Any CPU.Build.0 = Debug|Any CPU
		{772F148A-FF3C-4D78-AC8B-CB6761CEBFB5}.Release|Any CPU.ActiveCfg = Release|Any CPU
		{772F148A-FF3C-4D78-AC8B-CB6761CEBFB5}.Release|Any CPU.Build.0 = Release|Any CPU
		{0A9EB351-1490-46AB-8601-D362DF6E04E6}.Debug|Any CPU.ActiveCfg = Debug|Any CPU
		{0A9EB351-1490-46AB-8601-D362DF6E04E6}.Debug|Any CPU.Build.0 = Debug|Any CPU
		{0A9EB351-1490-46AB-8601-D362DF6E04E6}.Release|Any CPU.ActiveCfg = Release|Any CPU
		{0A9EB351-1490-46AB-8601-D362DF6E04E6}.Release|Any CPU.Build.0 = Release|Any CPU
		{8CE955D6-DEE7-519A-ACEA-1D3BA519932A}.Debug|Any CPU.ActiveCfg = Debug|Any CPU
		{8CE955D6-DEE7-519A-ACEA-1D3BA519932A}.Debug|Any CPU.Build.0 = Debug|Any CPU
		{8CE955D6-DEE7-519A-ACEA-1D3BA519932A}.Release|Any CPU.ActiveCfg = Release|Any CPU
		{8CE955D6-DEE7-519A-ACEA-1D3BA519932A}.Release|Any CPU.Build.0 = Release|Any CPU
		{477CFEA4-070A-499C-9465-699D98AEC3B7}.Debug|Any CPU.ActiveCfg = Debug|Any CPU
		{477CFEA4-070A-499C-9465-699D98AEC3B7}.Debug|Any CPU.Build.0 = Debug|Any CPU
		{477CFEA4-070A-499C-9465-699D98AEC3B7}.Release|Any CPU.ActiveCfg = Release|Any CPU
		{477CFEA4-070A-499C-9465-699D98AEC3B7}.Release|Any CPU.Build.0 = Release|Any CPU
		{B17F7012-EB24-4A3A-9A97-9779E5116D66}.Debug|Any CPU.ActiveCfg = Debug|Any CPU
		{B17F7012-EB24-4A3A-9A97-9779E5116D66}.Debug|Any CPU.Build.0 = Debug|Any CPU
		{B17F7012-EB24-4A3A-9A97-9779E5116D66}.Release|Any CPU.ActiveCfg = Release|Any CPU
		{B17F7012-EB24-4A3A-9A97-9779E5116D66}.Release|Any CPU.Build.0 = Release|Any CPU
		{C4F5A3E0-C7BB-3413-55AF-A7EA948747F0}.Debug|Any CPU.ActiveCfg = Debug|Any CPU
		{C4F5A3E0-C7BB-3413-55AF-A7EA948747F0}.Debug|Any CPU.Build.0 = Debug|Any CPU
		{C4F5A3E0-C7BB-3413-55AF-A7EA948747F0}.Release|Any CPU.ActiveCfg = Release|Any CPU
		{C4F5A3E0-C7BB-3413-55AF-A7EA948747F0}.Release|Any CPU.Build.0 = Release|Any CPU
		{11DD9D7C-260C-1315-1FD7-3DB508FBA352}.Debug|Any CPU.ActiveCfg = Debug|Any CPU
		{11DD9D7C-260C-1315-1FD7-3DB508FBA352}.Debug|Any CPU.Build.0 = Debug|Any CPU
		{11DD9D7C-260C-1315-1FD7-3DB508FBA352}.Release|Any CPU.ActiveCfg = Release|Any CPU
		{11DD9D7C-260C-1315-1FD7-3DB508FBA352}.Release|Any CPU.Build.0 = Release|Any CPU
		{FB76055D-EC25-41E2-9377-474BA132E75D}.Debug|Any CPU.ActiveCfg = Debug|Any CPU
		{FB76055D-EC25-41E2-9377-474BA132E75D}.Debug|Any CPU.Build.0 = Debug|Any CPU
		{FB76055D-EC25-41E2-9377-474BA132E75D}.Release|Any CPU.ActiveCfg = Release|Any CPU
		{FB76055D-EC25-41E2-9377-474BA132E75D}.Release|Any CPU.Build.0 = Release|Any CPU
		{74CE25AC-D9ED-44FB-8111-0D10D094D4CA}.Debug|Any CPU.ActiveCfg = Debug|Any CPU
		{74CE25AC-D9ED-44FB-8111-0D10D094D4CA}.Debug|Any CPU.Build.0 = Debug|Any CPU
		{74CE25AC-D9ED-44FB-8111-0D10D094D4CA}.Release|Any CPU.ActiveCfg = Release|Any CPU
		{74CE25AC-D9ED-44FB-8111-0D10D094D4CA}.Release|Any CPU.Build.0 = Release|Any CPU
	EndGlobalSection
	GlobalSection(SolutionProperties) = preSolution
		HideSolutionNode = FALSE
	EndGlobalSection
	GlobalSection(ExtensibilityGlobals) = postSolution
		SolutionGuid = {DBC53514-1313-4E3A-AC1E-9DC1B95F9BD7}
	EndGlobalSection
EndGlobal
